
Microsoft Visual Studio Solution File, Format Version 12.00
# Visual Studio Version 17
VisualStudioVersion = 17.13.35806.99 d17.13
MinimumVisualStudioVersion = 10.0.40219.1
Project("{FAE04EC0-301F-11D3-BF4B-00C04F79EFBC}") = "telegrambot", "telegrambot\telegrambot.csproj", "{D9E2ADD8-6E21-49C2-BD08-0BC5D83B1E9B}"
EndProject
Global
	GlobalSection(SolutionConfigurationPlatforms) = preSolution
		Debug|Any CPU = Debug|Any CPU
		Release|Any CPU = Release|Any CPU
	EndGlobalSection
	GlobalSection(ProjectConfigurationPlatforms) = postSolution
		{D9E2ADD8-6E21-49C2-BD08-0BC5D83B1E9B}.Debug|Any CPU.ActiveCfg = Debug|Any CPU
		{D9E2ADD8-6E21-49C2-BD08-0BC5D83B1E9B}.Debug|Any CPU.Build.0 = Debug|Any CPU
		{D9E2ADD8-6E21-49C2-BD08-0BC5D83B1E9B}.Release|Any CPU.ActiveCfg = Release|Any CPU
		{D9E2ADD8-6E21-49C2-BD08-0BC5D83B1E9B}.Release|Any CPU.Build.0 = Release|Any CPU
	EndGlobalSection
	GlobalSection(SolutionProperties) = preSolution
		HideSolutionNode = FALSE
	EndGlobalSection
	GlobalSection(ExtensibilityGlobals) = postSolution
		SolutionGuid = {A807CD7D-3062-4EEC-B4E4-9A75E6EC418D}
	EndGlobalSection
EndGlobal
